// !$*UTF8*$!
{
	archiveVersion = 1;
	classes = {
	};
	objectVersion = 46;
	objects = {

/* Begin PBXAggregateTarget section */
		6D5C18E91AC91E020047A9A3 /* universal */ = {
			isa = PBXAggregateTarget;
			buildConfigurationList = 6D5C18EC1AC91E020047A9A3 /* Build configuration list for PBXAggregateTarget "universal" */;
			buildPhases = (
				6D5C18ED1AC91E080047A9A3 /* ShellScript */,
			);
			dependencies = (
			);
			name = universal;
			productName = universal;
		};
/* End PBXAggregateTarget section */

/* Begin PBXBuildFile section */
		6D0331831AAB73E3004AA39F /* libvoipengine.a in Frameworks */ = {isa = PBXBuildFile; fileRef = 6D0331771AAB73E3004AA39F /* libvoipengine.a */; };
		6D0331A21AAB74DD004AA39F /* AVReceiveStream.mm in Sources */ = {isa = PBXBuildFile; fileRef = 6D03319B1AAB74DD004AA39F /* AVReceiveStream.mm */; };
		6D0331A31AAB74DD004AA39F /* AVSendStream.mm in Sources */ = {isa = PBXBuildFile; fileRef = 6D03319D1AAB74DD004AA39F /* AVSendStream.mm */; };
		6D0331A41AAB74DD004AA39F /* WebRTC.mm in Sources */ = {isa = PBXBuildFile; fileRef = 6D0331A11AAB74DD004AA39F /* WebRTC.mm */; };
		6D0331A61AAB7529004AA39F /* libwebrtc_all.a in Frameworks */ = {isa = PBXBuildFile; fileRef = 6D0331A51AAB7529004AA39F /* libwebrtc_all.a */; };
		6D2AC1BE1C5A1FF9009DACD5 /* AudioSendStream.mm in Sources */ = {isa = PBXBuildFile; fileRef = 6D2AC1BD1C5A1FF9009DACD5 /* AudioSendStream.mm */; };
		6D2AC1C11C5A2012009DACD5 /* AudioReceiveStream.mm in Sources */ = {isa = PBXBuildFile; fileRef = 6D2AC1C01C5A2012009DACD5 /* AudioReceiveStream.mm */; };
		6D2AC1C41C5A4E36009DACD5 /* VOIPCapture.mm in Sources */ = {isa = PBXBuildFile; fileRef = 6D2AC1C31C5A4E36009DACD5 /* VOIPCapture.mm */; };
		6D2AC1C51C5A540E009DACD5 /* VOIPCapture.h in Copy Files */ = {isa = PBXBuildFile; fileRef = 6D2AC1C21C5A4E36009DACD5 /* VOIPCapture.h */; };
		6D401BB21AAC2B470041ABC6 /* VOIPEngine.mm in Sources */ = {isa = PBXBuildFile; fileRef = 6D401BB11AAC2B470041ABC6 /* VOIPEngine.mm */; };
		6D401BB51AAC2DD80041ABC6 /* util.c in Sources */ = {isa = PBXBuildFile; fileRef = 6D401BB31AAC2DD80041ABC6 /* util.c */; };
		6D401BC21AAC2F110041ABC6 /* VOIPEngine.h in Copy Files */ = {isa = PBXBuildFile; fileRef = 6D401BB01AAC2B470041ABC6 /* VOIPEngine.h */; };
		6DF6F7971B9454C400774961 /* VOIPRenderView.m in Sources */ = {isa = PBXBuildFile; fileRef = 6DF6F7961B9454C400774961 /* VOIPRenderView.m */; };
		6DF6F7981B9454D500774961 /* VOIPRenderView.h in Copy Files */ = {isa = PBXBuildFile; fileRef = 6DF6F7951B9454C400774961 /* VOIPRenderView.h */; };
		6DF6F79D1B98623600774961 /* RTCEAGLVideoView.m in Sources */ = {isa = PBXBuildFile; fileRef = 6DF6F7991B98623600774961 /* RTCEAGLVideoView.m */; };
		6DF6F79E1B98623600774961 /* RTCI420Frame.mm in Sources */ = {isa = PBXBuildFile; fileRef = 6DF6F79A1B98623600774961 /* RTCI420Frame.mm */; };
		6DF6F79F1B98623600774961 /* RTCOpenGLVideoRenderer.mm in Sources */ = {isa = PBXBuildFile; fileRef = 6DF6F79C1B98623600774961 /* RTCOpenGLVideoRenderer.mm */; };
/* End PBXBuildFile section */

/* Begin PBXContainerItemProxy section */
		6D0331841AAB73E3004AA39F /* PBXContainerItemProxy */ = {
			isa = PBXContainerItemProxy;
			containerPortal = 6D03316F1AAB73E3004AA39F /* Project object */;
			proxyType = 1;
			remoteGlobalIDString = 6D0331761AAB73E3004AA39F;
			remoteInfo = voipsdk;
		};
/* End PBXContainerItemProxy section */

/* Begin PBXCopyFilesBuildPhase section */
		6D0331751AAB73E3004AA39F /* Copy Files */ = {
			isa = PBXCopyFilesBuildPhase;
			buildActionMask = 2147483647;
			dstPath = "include/$(PRODUCT_NAME)";
			dstSubfolderSpec = 16;
			files = (
				6D2AC1C51C5A540E009DACD5 /* VOIPCapture.h in Copy Files */,
				6DF6F7981B9454D500774961 /* VOIPRenderView.h in Copy Files */,
				6D401BC21AAC2F110041ABC6 /* VOIPEngine.h in Copy Files */,
			);
			name = "Copy Files";
			runOnlyForDeploymentPostprocessing = 0;
		};
/* End PBXCopyFilesBuildPhase section */

/* Begin PBXFileReference section */
		6D0331771AAB73E3004AA39F /* libvoipengine.a */ = {isa = PBXFileReference; explicitFileType = archive.ar; includeInIndex = 0; path = libvoipengine.a; sourceTree = BUILT_PRODUCTS_DIR; };
		6D0331821AAB73E3004AA39F /* voipengineTests.xctest */ = {isa = PBXFileReference; explicitFileType = wrapper.cfbundle; includeInIndex = 0; path = voipengineTests.xctest; sourceTree = BUILT_PRODUCTS_DIR; };
		6D0331881AAB73E4004AA39F /* Info.plist */ = {isa = PBXFileReference; lastKnownFileType = text.plist.xml; path = Info.plist; sourceTree = "<group>"; };
		6D03319A1AAB74DD004AA39F /* AVReceiveStream.h */ = {isa = PBXFileReference; fileEncoding = 4; lastKnownFileType = sourcecode.c.h; path = AVReceiveStream.h; sourceTree = "<group>"; };
		6D03319B1AAB74DD004AA39F /* AVReceiveStream.mm */ = {isa = PBXFileReference; fileEncoding = 4; lastKnownFileType = sourcecode.cpp.objcpp; path = AVReceiveStream.mm; sourceTree = "<group>"; };
		6D03319C1AAB74DD004AA39F /* AVSendStream.h */ = {isa = PBXFileReference; fileEncoding = 4; lastKnownFileType = sourcecode.c.h; path = AVSendStream.h; sourceTree = "<group>"; };
		6D03319D1AAB74DD004AA39F /* AVSendStream.mm */ = {isa = PBXFileReference; fileEncoding = 4; lastKnownFileType = sourcecode.cpp.objcpp; path = AVSendStream.mm; sourceTree = "<group>"; };
		6D03319E1AAB74DD004AA39F /* AVTransport.h */ = {isa = PBXFileReference; fileEncoding = 4; lastKnownFileType = sourcecode.c.h; path = AVTransport.h; sourceTree = "<group>"; };
		6D03319F1AAB74DD004AA39F /* ChannelTransport.h */ = {isa = PBXFileReference; fileEncoding = 4; lastKnownFileType = sourcecode.c.h; path = ChannelTransport.h; sourceTree = "<group>"; };
		6D0331A01AAB74DD004AA39F /* WebRTC.h */ = {isa = PBXFileReference; fileEncoding = 4; lastKnownFileType = sourcecode.c.h; path = WebRTC.h; sourceTree = "<group>"; };
		6D0331A11AAB74DD004AA39F /* WebRTC.mm */ = {isa = PBXFileReference; fileEncoding = 4; lastKnownFileType = sourcecode.cpp.objcpp; path = WebRTC.mm; sourceTree = "<group>"; };
		6D0331A51AAB7529004AA39F /* libwebrtc_all.a */ = {isa = PBXFileReference; lastKnownFileType = archive.ar; path = libwebrtc_all.a; sourceTree = "<group>"; };
		6D2AC1BC1C5A1FF9009DACD5 /* AudioSendStream.h */ = {isa = PBXFileReference; fileEncoding = 4; lastKnownFileType = sourcecode.c.h; path = AudioSendStream.h; sourceTree = "<group>"; };
		6D2AC1BD1C5A1FF9009DACD5 /* AudioSendStream.mm */ = {isa = PBXFileReference; fileEncoding = 4; lastKnownFileType = sourcecode.cpp.objcpp; path = AudioSendStream.mm; sourceTree = "<group>"; };
		6D2AC1BF1C5A2012009DACD5 /* AudioReceiveStream.h */ = {isa = PBXFileReference; fileEncoding = 4; lastKnownFileType = sourcecode.c.h; path = AudioReceiveStream.h; sourceTree = "<group>"; };
		6D2AC1C01C5A2012009DACD5 /* AudioReceiveStream.mm */ = {isa = PBXFileReference; fileEncoding = 4; lastKnownFileType = sourcecode.cpp.objcpp; path = AudioReceiveStream.mm; sourceTree = "<group>"; };
		6D2AC1C21C5A4E36009DACD5 /* VOIPCapture.h */ = {isa = PBXFileReference; fileEncoding = 4; lastKnownFileType = sourcecode.c.h; path = VOIPCapture.h; sourceTree = "<group>"; };
		6D2AC1C31C5A4E36009DACD5 /* VOIPCapture.mm */ = {isa = PBXFileReference; fileEncoding = 4; lastKnownFileType = sourcecode.cpp.objcpp; path = VOIPCapture.mm; sourceTree = "<group>"; };
		6D401BB01AAC2B470041ABC6 /* VOIPEngine.h */ = {isa = PBXFileReference; fileEncoding = 4; lastKnownFileType = sourcecode.c.h; path = VOIPEngine.h; sourceTree = "<group>"; };
		6D401BB11AAC2B470041ABC6 /* VOIPEngine.mm */ = {isa = PBXFileReference; fileEncoding = 4; lastKnownFileType = sourcecode.cpp.objcpp; path = VOIPEngine.mm; sourceTree = "<group>"; };
		6D401BB31AAC2DD80041ABC6 /* util.c */ = {isa = PBXFileReference; fileEncoding = 4; lastKnownFileType = sourcecode.c.c; path = util.c; sourceTree = "<group>"; };
		6D401BB41AAC2DD80041ABC6 /* util.h */ = {isa = PBXFileReference; fileEncoding = 4; lastKnownFileType = sourcecode.c.h; path = util.h; sourceTree = "<group>"; };
		6DF6F7951B9454C400774961 /* VOIPRenderView.h */ = {isa = PBXFileReference; fileEncoding = 4; lastKnownFileType = sourcecode.c.h; path = VOIPRenderView.h; sourceTree = "<group>"; };
		6DF6F7961B9454C400774961 /* VOIPRenderView.m */ = {isa = PBXFileReference; fileEncoding = 4; lastKnownFileType = sourcecode.c.objc; path = VOIPRenderView.m; sourceTree = "<group>"; };
		6DF6F7991B98623600774961 /* RTCEAGLVideoView.m */ = {isa = PBXFileReference; fileEncoding = 4; lastKnownFileType = sourcecode.c.objc; path = RTCEAGLVideoView.m; sourceTree = "<group>"; };
		6DF6F79A1B98623600774961 /* RTCI420Frame.mm */ = {isa = PBXFileReference; fileEncoding = 4; lastKnownFileType = sourcecode.cpp.objcpp; path = RTCI420Frame.mm; sourceTree = "<group>"; };
		6DF6F79B1B98623600774961 /* RTCI420Frame+Internal.h */ = {isa = PBXFileReference; fileEncoding = 4; lastKnownFileType = sourcecode.c.h; path = "RTCI420Frame+Internal.h"; sourceTree = "<group>"; };
		6DF6F79C1B98623600774961 /* RTCOpenGLVideoRenderer.mm */ = {isa = PBXFileReference; fileEncoding = 4; lastKnownFileType = sourcecode.cpp.objcpp; path = RTCOpenGLVideoRenderer.mm; sourceTree = "<group>"; };
		6DF6F7A01B98625700774961 /* RTCEAGLVideoView.h */ = {isa = PBXFileReference; lastKnownFileType = sourcecode.c.h; path = RTCEAGLVideoView.h; sourceTree = "<group>"; };
		6DF6F7A11B98625700774961 /* RTCI420Frame.h */ = {isa = PBXFileReference; lastKnownFileType = sourcecode.c.h; path = RTCI420Frame.h; sourceTree = "<group>"; };
		6DF6F7A21B98625700774961 /* RTCOpenGLVideoRenderer.h */ = {isa = PBXFileReference; lastKnownFileType = sourcecode.c.h; path = RTCOpenGLVideoRenderer.h; sourceTree = "<group>"; };
		6DF6F7A31B98628B00774961 /* RTCVideoRenderer.h */ = {isa = PBXFileReference; lastKnownFileType = sourcecode.c.h; path = RTCVideoRenderer.h; sourceTree = "<group>"; };
/* End PBXFileReference section */

/* Begin PBXFrameworksBuildPhase section */
		6D0331741AAB73E3004AA39F /* Frameworks */ = {
			isa = PBXFrameworksBuildPhase;
			buildActionMask = 2147483647;
			files = (
				6D0331A61AAB7529004AA39F /* libwebrtc_all.a in Frameworks */,
			);
			runOnlyForDeploymentPostprocessing = 0;
		};
		6D03317F1AAB73E3004AA39F /* Frameworks */ = {
			isa = PBXFrameworksBuildPhase;
			buildActionMask = 2147483647;
			files = (
				6D0331831AAB73E3004AA39F /* libvoipengine.a in Frameworks */,
			);
			runOnlyForDeploymentPostprocessing = 0;
		};
/* End PBXFrameworksBuildPhase section */

/* Begin PBXGroup section */
		6D03316E1AAB73E3004AA39F = {
			isa = PBXGroup;
			children = (
				6D0331A51AAB7529004AA39F /* libwebrtc_all.a */,
				6D0331791AAB73E3004AA39F /* voipsdk */,
				6D0331861AAB73E4004AA39F /* voipsdkTests */,
				6D0331781AAB73E3004AA39F /* Products */,
			);
			sourceTree = "<group>";
		};
		6D0331781AAB73E3004AA39F /* Products */ = {
			isa = PBXGroup;
			children = (
				6D0331771AAB73E3004AA39F /* libvoipengine.a */,
				6D0331821AAB73E3004AA39F /* voipengineTests.xctest */,
			);
			name = Products;
			sourceTree = "<group>";
		};
		6D0331791AAB73E3004AA39F /* voipsdk */ = {
			isa = PBXGroup;
			children = (
				6DF6F7991B98623600774961 /* RTCEAGLVideoView.m */,
				6DF6F79A1B98623600774961 /* RTCI420Frame.mm */,
				6DF6F79B1B98623600774961 /* RTCI420Frame+Internal.h */,
				6DF6F7A31B98628B00774961 /* RTCVideoRenderer.h */,
				6DF6F79C1B98623600774961 /* RTCOpenGLVideoRenderer.mm */,
				6DF6F7A01B98625700774961 /* RTCEAGLVideoView.h */,
				6DF6F7A11B98625700774961 /* RTCI420Frame.h */,
				6DF6F7A21B98625700774961 /* RTCOpenGLVideoRenderer.h */,
				6D401BB31AAC2DD80041ABC6 /* util.c */,
				6D401BB41AAC2DD80041ABC6 /* util.h */,
				6D401BB01AAC2B470041ABC6 /* VOIPEngine.h */,
				6D401BB11AAC2B470041ABC6 /* VOIPEngine.mm */,
				6D03319A1AAB74DD004AA39F /* AVReceiveStream.h */,
				6D03319B1AAB74DD004AA39F /* AVReceiveStream.mm */,
				6D03319C1AAB74DD004AA39F /* AVSendStream.h */,
				6D03319D1AAB74DD004AA39F /* AVSendStream.mm */,
				6D03319E1AAB74DD004AA39F /* AVTransport.h */,
				6D03319F1AAB74DD004AA39F /* ChannelTransport.h */,
				6D0331A01AAB74DD004AA39F /* WebRTC.h */,
				6D0331A11AAB74DD004AA39F /* WebRTC.mm */,
				6DF6F7951B9454C400774961 /* VOIPRenderView.h */,
				6DF6F7961B9454C400774961 /* VOIPRenderView.m */,
				6D2AC1BC1C5A1FF9009DACD5 /* AudioSendStream.h */,
				6D2AC1BD1C5A1FF9009DACD5 /* AudioSendStream.mm */,
				6D2AC1BF1C5A2012009DACD5 /* AudioReceiveStream.h */,
				6D2AC1C01C5A2012009DACD5 /* AudioReceiveStream.mm */,
				6D2AC1C21C5A4E36009DACD5 /* VOIPCapture.h */,
				6D2AC1C31C5A4E36009DACD5 /* VOIPCapture.mm */,
			);
			path = voipsdk;
			sourceTree = "<group>";
		};
		6D0331861AAB73E4004AA39F /* voipsdkTests */ = {
			isa = PBXGroup;
			children = (
				6D0331871AAB73E4004AA39F /* Supporting Files */,
			);
			path = voipsdkTests;
			sourceTree = "<group>";
		};
		6D0331871AAB73E4004AA39F /* Supporting Files */ = {
			isa = PBXGroup;
			children = (
				6D0331881AAB73E4004AA39F /* Info.plist */,
			);
			name = "Supporting Files";
			sourceTree = "<group>";
		};
/* End PBXGroup section */

/* Begin PBXNativeTarget section */
		6D0331761AAB73E3004AA39F /* voipengine */ = {
			isa = PBXNativeTarget;
			buildConfigurationList = 6D03318B1AAB73E4004AA39F /* Build configuration list for PBXNativeTarget "voipengine" */;
			buildPhases = (
				6D0331731AAB73E3004AA39F /* Sources */,
				6D0331741AAB73E3004AA39F /* Frameworks */,
				6D0331751AAB73E3004AA39F /* Copy Files */,
			);
			buildRules = (
			);
			dependencies = (
			);
			name = voipengine;
			productName = voipsdk;
			productReference = 6D0331771AAB73E3004AA39F /* libvoipengine.a */;
			productType = "com.apple.product-type.library.static";
		};
		6D0331811AAB73E3004AA39F /* voipengineTests */ = {
			isa = PBXNativeTarget;
			buildConfigurationList = 6D03318E1AAB73E4004AA39F /* Build configuration list for PBXNativeTarget "voipengineTests" */;
			buildPhases = (
				6D03317E1AAB73E3004AA39F /* Sources */,
				6D03317F1AAB73E3004AA39F /* Frameworks */,
				6D0331801AAB73E3004AA39F /* Resources */,
			);
			buildRules = (
			);
			dependencies = (
				6D0331851AAB73E3004AA39F /* PBXTargetDependency */,
			);
			name = voipengineTests;
			productName = voipsdkTests;
			productReference = 6D0331821AAB73E3004AA39F /* voipengineTests.xctest */;
			productType = "com.apple.product-type.bundle.unit-test";
		};
/* End PBXNativeTarget section */

/* Begin PBXProject section */
		6D03316F1AAB73E3004AA39F /* Project object */ = {
			isa = PBXProject;
			attributes = {
				LastUpgradeCheck = 0610;
				ORGANIZATIONNAME = beetle;
				TargetAttributes = {
					6D0331761AAB73E3004AA39F = {
						CreatedOnToolsVersion = 6.1.1;
					};
					6D0331811AAB73E3004AA39F = {
						CreatedOnToolsVersion = 6.1.1;
					};
					6D5C18E91AC91E020047A9A3 = {
						CreatedOnToolsVersion = 6.2;
					};
				};
			};
			buildConfigurationList = 6D0331721AAB73E3004AA39F /* Build configuration list for PBXProject "voipengine" */;
			compatibilityVersion = "Xcode 3.2";
			developmentRegion = English;
			hasScannedForEncodings = 0;
			knownRegions = (
				en,
			);
			mainGroup = 6D03316E1AAB73E3004AA39F;
			productRefGroup = 6D0331781AAB73E3004AA39F /* Products */;
			projectDirPath = "";
			projectRoot = "";
			targets = (
				6D0331761AAB73E3004AA39F /* voipengine */,
				6D0331811AAB73E3004AA39F /* voipengineTests */,
				6D5C18E91AC91E020047A9A3 /* universal */,
			);
		};
/* End PBXProject section */

/* Begin PBXResourcesBuildPhase section */
		6D0331801AAB73E3004AA39F /* Resources */ = {
			isa = PBXResourcesBuildPhase;
			buildActionMask = 2147483647;
			files = (
			);
			runOnlyForDeploymentPostprocessing = 0;
		};
/* End PBXResourcesBuildPhase section */

/* Begin PBXShellScriptBuildPhase section */
		6D5C18ED1AC91E080047A9A3 /* ShellScript */ = {
			isa = PBXShellScriptBuildPhase;
			buildActionMask = 2147483647;
			files = (
			);
			inputPaths = (
			);
			outputPaths = (
			);
			runOnlyForDeploymentPostprocessing = 0;
			shellPath = /bin/sh;
			shellScript = "# define output folder environment variable\nUNIVERSAL_OUTPUTFOLDER=${BUILD_DIR}/${CONFIGURATION}-universal\n\n\n# Step 1. Build Device and Simulator versions\nxcodebuild -target voipengine ONLY_ACTIVE_ARCH=NO -configuration ${CONFIGURATION} -sdk iphoneos  BUILD_DIR=\"${BUILD_DIR}\" BUILD_ROOT=\"${BUILD_ROOT}\"\n\n\n# make sure the output directory exists\nmkdir -p \"${UNIVERSAL_OUTPUTFOLDER}\"\n\n# Step 2. Create universal binary file using lipo\nlipo -create -output \"${UNIVERSAL_OUTPUTFOLDER}/libvoipengine.a\" \"${BUILD_DIR}/${CONFIGURATION}-iphoneos/libvoipengine.a\"\n\n# Last touch. copy the header files. Just for convenience\ncp -R \"${BUILD_DIR}/${CONFIGURATION}-iphoneos/include\" \"${UNIVERSAL_OUTPUTFOLDER}/\"";
		};
/* End PBXShellScriptBuildPhase section */

/* Begin PBXSourcesBuildPhase section */
		6D0331731AAB73E3004AA39F /* Sources */ = {
			isa = PBXSourcesBuildPhase;
			buildActionMask = 2147483647;
			files = (
				6D401BB51AAC2DD80041ABC6 /* util.c in Sources */,
				6D2AC1C11C5A2012009DACD5 /* AudioReceiveStream.mm in Sources */,
				6D0331A41AAB74DD004AA39F /* WebRTC.mm in Sources */,
				6D2AC1BE1C5A1FF9009DACD5 /* AudioSendStream.mm in Sources */,
				6DF6F79F1B98623600774961 /* RTCOpenGLVideoRenderer.mm in Sources */,
				6DF6F79E1B98623600774961 /* RTCI420Frame.mm in Sources */,
				6D2AC1C41C5A4E36009DACD5 /* VOIPCapture.mm in Sources */,
				6D401BB21AAC2B470041ABC6 /* VOIPEngine.mm in Sources */,
				6D0331A31AAB74DD004AA39F /* AVSendStream.mm in Sources */,
				6DF6F7971B9454C400774961 /* VOIPRenderView.m in Sources */,
				6DF6F79D1B98623600774961 /* RTCEAGLVideoView.m in Sources */,
				6D0331A21AAB74DD004AA39F /* AVReceiveStream.mm in Sources */,
			);
			runOnlyForDeploymentPostprocessing = 0;
		};
		6D03317E1AAB73E3004AA39F /* Sources */ = {
			isa = PBXSourcesBuildPhase;
			buildActionMask = 2147483647;
			files = (
			);
			runOnlyForDeploymentPostprocessing = 0;
		};
/* End PBXSourcesBuildPhase section */

/* Begin PBXTargetDependency section */
		6D0331851AAB73E3004AA39F /* PBXTargetDependency */ = {
			isa = PBXTargetDependency;
			target = 6D0331761AAB73E3004AA39F /* voipengine */;
			targetProxy = 6D0331841AAB73E3004AA39F /* PBXContainerItemProxy */;
		};
/* End PBXTargetDependency section */

/* Begin XCBuildConfiguration section */
		6D0331891AAB73E4004AA39F /* Debug */ = {
			isa = XCBuildConfiguration;
			buildSettings = {
				ALWAYS_SEARCH_USER_PATHS = NO;
				CLANG_CXX_LANGUAGE_STANDARD = "gnu++0x";
				CLANG_CXX_LIBRARY = "libc++";
				CLANG_ENABLE_MODULES = YES;
				CLANG_ENABLE_OBJC_ARC = YES;
				CLANG_WARN_BOOL_CONVERSION = YES;
				CLANG_WARN_CONSTANT_CONVERSION = YES;
				CLANG_WARN_DIRECT_OBJC_ISA_USAGE = YES_ERROR;
				CLANG_WARN_EMPTY_BODY = YES;
				CLANG_WARN_ENUM_CONVERSION = YES;
				CLANG_WARN_INT_CONVERSION = YES;
				CLANG_WARN_OBJC_ROOT_CLASS = YES_ERROR;
				CLANG_WARN_UNREACHABLE_CODE = YES;
				CLANG_WARN__DUPLICATE_METHOD_MATCH = YES;
				COPY_PHASE_STRIP = NO;
				ENABLE_STRICT_OBJC_MSGSEND = YES;
				GCC_C_LANGUAGE_STANDARD = gnu99;
				GCC_DYNAMIC_NO_PIC = NO;
				GCC_OPTIMIZATION_LEVEL = 0;
				GCC_PREPROCESSOR_DEFINITIONS = (
					"DEBUG=1",
					"$(inherited)",
				);
				GCC_SYMBOLS_PRIVATE_EXTERN = NO;
				GCC_WARN_64_TO_32_BIT_CONVERSION = YES;
				GCC_WARN_ABOUT_RETURN_TYPE = YES_ERROR;
				GCC_WARN_UNDECLARED_SELECTOR = YES;
				GCC_WARN_UNINITIALIZED_AUTOS = YES_AGGRESSIVE;
				GCC_WARN_UNUSED_FUNCTION = YES;
				GCC_WARN_UNUSED_VARIABLE = YES;
				IPHONEOS_DEPLOYMENT_TARGET = 7.0;
				MTL_ENABLE_DEBUG_INFO = YES;
				ONLY_ACTIVE_ARCH = YES;
				SDKROOT = iphoneos;
				USER_HEADER_SEARCH_PATHS = "";
			};
			name = Debug;
		};
		6D03318A1AAB73E4004AA39F /* Release */ = {
			isa = XCBuildConfiguration;
			buildSettings = {
				ALWAYS_SEARCH_USER_PATHS = NO;
				CLANG_CXX_LANGUAGE_STANDARD = "gnu++0x";
				CLANG_CXX_LIBRARY = "libc++";
				CLANG_ENABLE_MODULES = YES;
				CLANG_ENABLE_OBJC_ARC = YES;
				CLANG_WARN_BOOL_CONVERSION = YES;
				CLANG_WARN_CONSTANT_CONVERSION = YES;
				CLANG_WARN_DIRECT_OBJC_ISA_USAGE = YES_ERROR;
				CLANG_WARN_EMPTY_BODY = YES;
				CLANG_WARN_ENUM_CONVERSION = YES;
				CLANG_WARN_INT_CONVERSION = YES;
				CLANG_WARN_OBJC_ROOT_CLASS = YES_ERROR;
				CLANG_WARN_UNREACHABLE_CODE = YES;
				CLANG_WARN__DUPLICATE_METHOD_MATCH = YES;
				COPY_PHASE_STRIP = YES;
				ENABLE_NS_ASSERTIONS = NO;
				ENABLE_STRICT_OBJC_MSGSEND = YES;
				GCC_C_LANGUAGE_STANDARD = gnu99;
				GCC_WARN_64_TO_32_BIT_CONVERSION = YES;
				GCC_WARN_ABOUT_RETURN_TYPE = YES_ERROR;
				GCC_WARN_UNDECLARED_SELECTOR = YES;
				GCC_WARN_UNINITIALIZED_AUTOS = YES_AGGRESSIVE;
				GCC_WARN_UNUSED_FUNCTION = YES;
				GCC_WARN_UNUSED_VARIABLE = YES;
				IPHONEOS_DEPLOYMENT_TARGET = 7.0;
				MTL_ENABLE_DEBUG_INFO = NO;
				SDKROOT = iphoneos;
				USER_HEADER_SEARCH_PATHS = "";
				VALIDATE_PRODUCT = YES;
			};
			name = Release;
		};
		6D03318C1AAB73E4004AA39F /* Debug */ = {
			isa = XCBuildConfiguration;
			buildSettings = {
				ALWAYS_SEARCH_USER_PATHS = NO;
				GCC_PREPROCESSOR_DEFINITIONS = (
					"DEBUG=1",
					WEBRTC_IOS,
					"$(inherited)",
					WEBRTC_POSIX,
				);
				LIBRARY_SEARCH_PATHS = (
					"$(inherited)",
					"$(PROJECT_DIR)",
				);
				ONLY_ACTIVE_ARCH = NO;
				OTHER_LDFLAGS = "-ObjC";
				PRODUCT_NAME = "$(TARGET_NAME)";
				SKIP_INSTALL = YES;
				USER_HEADER_SEARCH_PATHS = voipsdk/webrtc/src;
				VALID_ARCHS = "arm64 armv7";
			};
			name = Debug;
		};
		6D03318D1AAB73E4004AA39F /* Release */ = {
			isa = XCBuildConfiguration;
			buildSettings = {
				ALWAYS_SEARCH_USER_PATHS = NO;
				GCC_PREPROCESSOR_DEFINITIONS = (
					WEBRTC_IOS,
					WEBRTC_POSIX,
				);
				LIBRARY_SEARCH_PATHS = (
					"$(inherited)",
					"$(PROJECT_DIR)",
				);
				OTHER_LDFLAGS = "-ObjC";
				PRODUCT_NAME = "$(TARGET_NAME)";
				SKIP_INSTALL = YES;
				USER_HEADER_SEARCH_PATHS = voipsdk/webrtc/src;
				VALID_ARCHS = "arm64 armv7";
			};
			name = Release;
		};
		6D03318F1AAB73E4004AA39F /* Debug */ = {
			isa = XCBuildConfiguration;
			buildSettings = {
				CODE_SIGN_IDENTITY = "iPhone Developer: Zhifeng Zhou (PV548P44SL)";
				FRAMEWORK_SEARCH_PATHS = (
					"$(SDKROOT)/Developer/Library/Frameworks",
					"$(inherited)",
				);
				GCC_PREPROCESSOR_DEFINITIONS = (
					"DEBUG=1",
					"$(inherited)",
				);
				INFOPLIST_FILE = voipsdkTests/Info.plist;
				LD_RUNPATH_SEARCH_PATHS = "$(inherited) @executable_path/Frameworks @loader_path/Frameworks";
				PRODUCT_NAME = voipengineTests;
			};
			name = Debug;
		};
		6D0331901AAB73E4004AA39F /* Release */ = {
			isa = XCBuildConfiguration;
			buildSettings = {
				CODE_SIGN_IDENTITY = "iPhone Developer: Zhifeng Zhou (PV548P44SL)";
				FRAMEWORK_SEARCH_PATHS = (
					"$(SDKROOT)/Developer/Library/Frameworks",
					"$(inherited)",
				);
				INFOPLIST_FILE = voipsdkTests/Info.plist;
				LD_RUNPATH_SEARCH_PATHS = "$(inherited) @executable_path/Frameworks @loader_path/Frameworks";
				PRODUCT_NAME = voipengineTests;
			};
			name = Release;
		};
		6D5C18EA1AC91E020047A9A3 /* Debug */ = {
			isa = XCBuildConfiguration;
			buildSettings = {
				PRODUCT_NAME = "$(TARGET_NAME)";
			};
			name = Debug;
		};
		6D5C18EB1AC91E020047A9A3 /* Release */ = {
			isa = XCBuildConfiguration;
			buildSettings = {
				PRODUCT_NAME = "$(TARGET_NAME)";
			};
			name = Release;
		};
/* End XCBuildConfiguration section */

/* Begin XCConfigurationList section */
		6D0331721AAB73E3004AA39F /* Build configuration list for PBXProject "voipengine" */ = {
			isa = XCConfigurationList;
			buildConfigurations = (
				6D0331891AAB73E4004AA39F /* Debug */,
				6D03318A1AAB73E4004AA39F /* Release */,
			);
			defaultConfigurationIsVisible = 0;
			defaultConfigurationName = Release;
		};
		6D03318B1AAB73E4004AA39F /* Build configuration list for PBXNativeTarget "voipengine" */ = {
			isa = XCConfigurationList;
			buildConfigurations = (
				6D03318C1AAB73E4004AA39F /* Debug */,
				6D03318D1AAB73E4004AA39F /* Release */,
			);
			defaultConfigurationIsVisible = 0;
			defaultConfigurationName = Release;
		};
		6D03318E1AAB73E4004AA39F /* Build configuration list for PBXNativeTarget "voipengineTests" */ = {
			isa = XCConfigurationList;
			buildConfigurations = (
				6D03318F1AAB73E4004AA39F /* Debug */,
				6D0331901AAB73E4004AA39F /* Release */,
			);
			defaultConfigurationIsVisible = 0;
			defaultConfigurationName = Release;
		};
		6D5C18EC1AC91E020047A9A3 /* Build configuration list for PBXAggregateTarget "universal" */ = {
			isa = XCConfigurationList;
			buildConfigurations = (
				6D5C18EA1AC91E020047A9A3 /* Debug */,
				6D5C18EB1AC91E020047A9A3 /* Release */,
			);
			defaultConfigurationIsVisible = 0;
			defaultConfigurationName = Release;
		};
/* End XCConfigurationList section */
	};
	rootObject = 6D03316F1AAB73E3004AA39F /* Project object */;
}
